// !$*UTF8*$!
{
	archiveVersion = 1;
	classes = {
	};
	objectVersion = 46;
	objects = {

/* Begin PBXBuildFile section */
		840F784F1C8A7A1C0015E97D /* CGRectViewController.m in Sources */ = {isa = PBXBuildFile; fileRef = 840F784E1C8A7A1C0015E97D /* CGRectViewController.m */; };
		841A29811C802C83000BB7DB /* Security.framework in Frameworks */ = {isa = PBXBuildFile; fileRef = 841A29801C802C83000BB7DB /* Security.framework */; };
		841A29831C802CAC000BB7DB /* SystemConfiguration.framework in Frameworks */ = {isa = PBXBuildFile; fileRef = 841A29821C802CAC000BB7DB /* SystemConfiguration.framework */; };
		841A29851C802CBA000BB7DB /* CoreGraphics.framework in Frameworks */ = {isa = PBXBuildFile; fileRef = 841A29841C802CBA000BB7DB /* CoreGraphics.framework */; };
		841A29871C802CDB000BB7DB /* CoreTelephony.framework in Frameworks */ = {isa = PBXBuildFile; fileRef = 841A29861C802CDB000BB7DB /* CoreTelephony.framework */; };
		8429D02D1CD201BF00055A46 /* BaseViewController.m in Sources */ = {isa = PBXBuildFile; fileRef = 8429D02C1CD201BF00055A46 /* BaseViewController.m */; };
		8429D0321CD2049400055A46 /* UIView+position.m in Sources */ = {isa = PBXBuildFile; fileRef = 8429D0311CD2049400055A46 /* UIView+position.m */; };
		8429D0361CD204D300055A46 /* UIColor+extension.m in Sources */ = {isa = PBXBuildFile; fileRef = 8429D0351CD204D300055A46 /* UIColor+extension.m */; };
		842E7C711C72C86100661515 /* CalcController.m in Sources */ = {isa = PBXBuildFile; fileRef = 842E7C701C72C86100661515 /* CalcController.m */; };
		843707131CE4450F00D6AD85 /* RecommendNHView.m in Sources */ = {isa = PBXBuildFile; fileRef = 843707121CE4450F00D6AD85 /* RecommendNHView.m */; };
		843707161CE459E700D6AD85 /* NHAttentionViewCell.m in Sources */ = {isa = PBXBuildFile; fileRef = 843707151CE459E700D6AD85 /* NHAttentionViewCell.m */; };
		8449EAD61C71D4F800396D34 /* My.storyboard in Resources */ = {isa = PBXBuildFile; fileRef = 8449EAD51C71D4F800396D34 /* My.storyboard */; };
		8460535B1C7D593800308B49 /* usersList.plist in Resources */ = {isa = PBXBuildFile; fileRef = 8460535A1C7D593800308B49 /* usersList.plist */; };
		8460535E1C7D7C8600308B49 /* MyTabBarController.m in Sources */ = {isa = PBXBuildFile; fileRef = 8460535D1C7D7C8600308B49 /* MyTabBarController.m */; };
		846053621C7D7E7900308B49 /* ShareViewController.m in Sources */ = {isa = PBXBuildFile; fileRef = 846053601C7D7E7900308B49 /* ShareViewController.m */; };
		846053631C7D7E7900308B49 /* ShareViewController.xib in Resources */ = {isa = PBXBuildFile; fileRef = 846053611C7D7E7900308B49 /* ShareViewController.xib */; };
		846053671C7D7E9A00308B49 /* LoginViewController.m in Sources */ = {isa = PBXBuildFile; fileRef = 846053651C7D7E9A00308B49 /* LoginViewController.m */; };
		846053681C7D7E9A00308B49 /* LoginViewController.xib in Resources */ = {isa = PBXBuildFile; fileRef = 846053661C7D7E9A00308B49 /* LoginViewController.xib */; };
		846053701C7D8FE100308B49 /* UMS_account@2x.png in Resources */ = {isa = PBXBuildFile; fileRef = 8460536E1C7D8FE100308B49 /* UMS_account@2x.png */; };
		846053711C7D8FE100308B49 /* UMS_share@2x.png in Resources */ = {isa = PBXBuildFile; fileRef = 8460536F1C7D8FE100308B49 /* UMS_share@2x.png */; };
		8479CAD81C7046FC00BD1C6F /* main.m in Sources */ = {isa = PBXBuildFile; fileRef = 8479CAD71C7046FC00BD1C6F /* main.m */; };
		8479CADB1C7046FC00BD1C6F /* AppDelegate.m in Sources */ = {isa = PBXBuildFile; fileRef = 8479CADA1C7046FC00BD1C6F /* AppDelegate.m */; };
		8479CADE1C7046FC00BD1C6F /* ViewController.m in Sources */ = {isa = PBXBuildFile; fileRef = 8479CADD1C7046FC00BD1C6F /* ViewController.m */; };
		8479CAE11C7046FC00BD1C6F /* Main.storyboard in Resources */ = {isa = PBXBuildFile; fileRef = 8479CADF1C7046FC00BD1C6F /* Main.storyboard */; };
		8479CAE31C7046FC00BD1C6F /* Assets.xcassets in Resources */ = {isa = PBXBuildFile; fileRef = 8479CAE21C7046FC00BD1C6F /* Assets.xcassets */; };
		8479CAE61C7046FC00BD1C6F /* LaunchScreen.storyboard in Resources */ = {isa = PBXBuildFile; fileRef = 8479CAE41C7046FC00BD1C6F /* LaunchScreen.storyboard */; };
		8479CAF11C7046FC00BD1C6F /* HelloWordTests.m in Sources */ = {isa = PBXBuildFile; fileRef = 8479CAF01C7046FC00BD1C6F /* HelloWordTests.m */; };
		8479CAFC1C7046FC00BD1C6F /* HelloWordUITests.m in Sources */ = {isa = PBXBuildFile; fileRef = 8479CAFB1C7046FC00BD1C6F /* HelloWordUITests.m */; };
		8486D19F1C74790D00AB319A /* NineController.m in Sources */ = {isa = PBXBuildFile; fileRef = 8486D19E1C74790D00AB319A /* NineController.m */; };
		848BD85C1C858FB3008D3641 /* BottomView.m in Sources */ = {isa = PBXBuildFile; fileRef = 848BD85B1C858FB3008D3641 /* BottomView.m */; };
		848F80BB1C87194500418C69 /* SocialGroupView.m in Sources */ = {isa = PBXBuildFile; fileRef = 848F80BA1C87194500418C69 /* SocialGroupView.m */; };
		849196731C7FF3D60038BA6E /* NightController.m in Sources */ = {isa = PBXBuildFile; fileRef = 849196711C7FF3D60038BA6E /* NightController.m */; };
		849196741C7FF3D60038BA6E /* NightController.xib in Resources */ = {isa = PBXBuildFile; fileRef = 849196721C7FF3D60038BA6E /* NightController.xib */; };
		849196771C8001E60038BA6E /* night.jpg in Resources */ = {isa = PBXBuildFile; fileRef = 849196751C8001E60038BA6E /* night.jpg */; };
		849196781C8001E60038BA6E /* normal.jpg in Resources */ = {isa = PBXBuildFile; fileRef = 849196761C8001E60038BA6E /* normal.jpg */; };
		84A5885F1C89528700E58CF0 /* DetialTableViewCell.m in Sources */ = {isa = PBXBuildFile; fileRef = 84A5885D1C89528700E58CF0 /* DetialTableViewCell.m */; };
		84A588651C89634600E58CF0 /* Mp3ViewController.m in Sources */ = {isa = PBXBuildFile; fileRef = 84A588641C89634600E58CF0 /* Mp3ViewController.m */; };
		84A588681C8997E300E58CF0 /* yese.mp3 in Resources */ = {isa = PBXBuildFile; fileRef = 84A588671C8997E300E58CF0 /* yese.mp3 */; };
		84A7C69D1CE054E20056BE57 /* GalleryViewController.m in Sources */ = {isa = PBXBuildFile; fileRef = 84A7C69C1CE054E20056BE57 /* GalleryViewController.m */; };
		84A7C6A01CE05C730056BE57 /* LineLayout.m in Sources */ = {isa = PBXBuildFile; fileRef = 84A7C69F1CE05C730056BE57 /* LineLayout.m */; };
		84A7C6A91CE0621B0056BE57 /* ImageCell.m in Sources */ = {isa = PBXBuildFile; fileRef = 84A7C6A81CE0621B0056BE57 /* ImageCell.m */; };
		84A7C6AB1CE062370056BE57 /* ImageCell.xib in Resources */ = {isa = PBXBuildFile; fileRef = 84A7C6AA1CE062370056BE57 /* ImageCell.xib */; };
		84A7C6AF1CE09C120056BE57 /* CollectionViewController.m in Sources */ = {isa = PBXBuildFile; fileRef = 84A7C6AE1CE09C120056BE57 /* CollectionViewController.m */; };
		84A7C6B21CE0A2890056BE57 /* NHSquareCell.m in Sources */ = {isa = PBXBuildFile; fileRef = 84A7C6B11CE0A2890056BE57 /* NHSquareCell.m */; };
		84A7C6BB1CE16ECD0056BE57 /* NHAttentionView.m in Sources */ = {isa = PBXBuildFile; fileRef = 84A7C6BA1CE16ECD0056BE57 /* NHAttentionView.m */; };
		84A7C6BE1CE16F110056BE57 /* NHAttentionItemView.m in Sources */ = {isa = PBXBuildFile; fileRef = 84A7C6BD1CE16F110056BE57 /* NHAttentionItemView.m */; };
		84A7C6C11CE1A32A0056BE57 /* NHAttentionModel.m in Sources */ = {isa = PBXBuildFile; fileRef = 84A7C6C01CE1A32A0056BE57 /* NHAttentionModel.m */; };
		84A7C6C51CE1C1AD0056BE57 /* MYViewController.m in Sources */ = {isa = PBXBuildFile; fileRef = 84A7C6C41CE1C1AD0056BE57 /* MYViewController.m */; };
		84A7C6C81CE1C43E0056BE57 /* 关注@2x.png in Resources */ = {isa = PBXBuildFile; fileRef = 84A7C6C61CE1C43E0056BE57 /* 关注@2x.png */; };
		84A7C6C91CE1C43E0056BE57 /* 关注@3x.png in Resources */ = {isa = PBXBuildFile; fileRef = 84A7C6C71CE1C43E0056BE57 /* 关注@3x.png */; };
		84A7C6CC1CE1C6820056BE57 /* 农红底部-按下状态@2x.png in Resources */ = {isa = PBXBuildFile; fileRef = 84A7C6CA1CE1C6820056BE57 /* 农红底部-按下状态@2x.png */; };
		84A7C6CD1CE1C6820056BE57 /* 农红底部-按下状态@3x.png in Resources */ = {isa = PBXBuildFile; fileRef = 84A7C6CB1CE1C6820056BE57 /* 农红底部-按下状态@3x.png */; };
		84A7C6D01CE1C6910056BE57 /* 更多@2x.png in Resources */ = {isa = PBXBuildFile; fileRef = 84A7C6CE1CE1C6910056BE57 /* 更多@2x.png */; };
		84A7C6D11CE1C6910056BE57 /* 更多@3x.png in Resources */ = {isa = PBXBuildFile; fileRef = 84A7C6CF1CE1C6910056BE57 /* 更多@3x.png */; };
		84B652B31CE35E3A00A33194 /* 关注框@2x.png in Resources */ = {isa = PBXBuildFile; fileRef = 84B652AF1CE35E3A00A33194 /* 关注框@2x.png */; };
		84B652B41CE35E3A00A33194 /* 关注框@3x.png in Resources */ = {isa = PBXBuildFile; fileRef = 84B652B01CE35E3A00A33194 /* 关注框@3x.png */; };
		84B652B51CE35E3A00A33194 /* 农红秀场@2x.png in Resources */ = {isa = PBXBuildFile; fileRef = 84B652B11CE35E3A00A33194 /* 农红秀场@2x.png */; };
		84B652B61CE35E3A00A33194 /* 农红秀场@3x.png in Resources */ = {isa = PBXBuildFile; fileRef = 84B652B21CE35E3A00A33194 /* 农红秀场@3x.png */; };
		84C7480C1C8E71E3004B49CA /* UISTableViewController.m in Sources */ = {isa = PBXBuildFile; fileRef = 84C7480B1C8E71E3004B49CA /* UISTableViewController.m */; };
		84CCF25C1C844D7000B2DDB0 /* TouTiaoDetailsController.m in Sources */ = {isa = PBXBuildFile; fileRef = 84CCF25A1C844D7000B2DDB0 /* TouTiaoDetailsController.m */; };
		84CF673B1CE0182900A0DCBA /* GallerViewController.m in Sources */ = {isa = PBXBuildFile; fileRef = 84CF673A1CE0182900A0DCBA /* GallerViewController.m */; };
		84D0061C1CA2808B005195DD /* UIAcSheetView.m in Sources */ = {isa = PBXBuildFile; fileRef = 84D0061B1CA2808B005195DD /* UIAcSheetView.m */; };
		84D94B1C1C8FC61700CCC3DD /* ButtonController.m in Sources */ = {isa = PBXBuildFile; fileRef = 84D94B121C8FC61700CCC3DD /* ButtonController.m */; };
		84D94B2F1C8FEBEC00CCC3DD /* UIText.m in Sources */ = {isa = PBXBuildFile; fileRef = 84D94B2D1C8FEBEC00CCC3DD /* UIText.m */; };
		84D94B301C8FEBEC00CCC3DD /* UIText.xib in Resources */ = {isa = PBXBuildFile; fileRef = 84D94B2E1C8FEBEC00CCC3DD /* UIText.xib */; };
		84D94B361C9028E600CCC3DD /* UISwitchViewController.m in Sources */ = {isa = PBXBuildFile; fileRef = 84D94B341C9028E600CCC3DD /* UISwitchViewController.m */; };
		84D94B371C9028E600CCC3DD /* UISwitchViewController.xib in Resources */ = {isa = PBXBuildFile; fileRef = 84D94B351C9028E600CCC3DD /* UISwitchViewController.xib */; };
		84D94B411C9035E900CCC3DD /* UIViewViewController.m in Sources */ = {isa = PBXBuildFile; fileRef = 84D94B3F1C9035E900CCC3DD /* UIViewViewController.m */; };
		84D94B421C9035E900CCC3DD /* UIViewViewController.xib in Resources */ = {isa = PBXBuildFile; fileRef = 84D94B401C9035E900CCC3DD /* UIViewViewController.xib */; };
		84D94B471C9036F400CCC3DD /* ProgressViewController.m in Sources */ = {isa = PBXBuildFile; fileRef = 84D94B451C9036F400CCC3DD /* ProgressViewController.m */; };
		84D94B481C9036F400CCC3DD /* ProgressViewController.xib in Resources */ = {isa = PBXBuildFile; fileRef = 84D94B461C9036F400CCC3DD /* ProgressViewController.xib */; };
		84E21D401CD1A592003D684B /* WebViewController.m in Sources */ = {isa = PBXBuildFile; fileRef = 84E21D3F1CD1A592003D684B /* WebViewController.m */; };
		84E904C01C881E3300B42926 /* UMS_shared@2x.png in Resources */ = {isa = PBXBuildFile; fileRef = 84E904BF1C881E3300B42926 /* UMS_shared@2x.png */; };
		84E904C41C882E3F00B42926 /* love_video_night.png in Resources */ = {isa = PBXBuildFile; fileRef = 84E904C11C882E3F00B42926 /* love_video_night.png */; };
		84E904C51C882E3F00B42926 /* new_review_tabbar.png in Resources */ = {isa = PBXBuildFile; fileRef = 84E904C21C882E3F00B42926 /* new_review_tabbar.png */; };
		84E904C61C882E3F00B42926 /* new_share_tabbar_normal.png in Resources */ = {isa = PBXBuildFile; fileRef = 84E904C31C882E3F00B42926 /* new_share_tabbar_normal.png */; };
		84E904C91C883CE400B42926 /* DetialTabView.m in Sources */ = {isa = PBXBuildFile; fileRef = 84E904C81C883CE400B42926 /* DetialTabView.m */; };
		84E904D11C885D8C00B42926 /* DetialEntity.m in Sources */ = {isa = PBXBuildFile; fileRef = 84E904D01C885D8C00B42926 /* DetialEntity.m */; };
		84E904D41C886A1900B42926 /* DetialShowCountView.m in Sources */ = {isa = PBXBuildFile; fileRef = 84E904D31C886A1900B42926 /* DetialShowCountView.m */; };
		E9D350D0E93BB8CDD2345F00 /* libPods.a in Frameworks */ = {isa = PBXBuildFile; fileRef = B18BF96B6F7EA6457E84C0E3 /* libPods.a */; };
/* End PBXBuildFile section */

/* Begin PBXContainerItemProxy section */
		8479CAED1C7046FC00BD1C6F /* PBXContainerItemProxy */ = {
			isa = PBXContainerItemProxy;
			containerPortal = 8479CACB1C7046FC00BD1C6F /* Project object */;
			proxyType = 1;
			remoteGlobalIDString = 8479CAD21C7046FC00BD1C6F;
			remoteInfo = HelloWord;
		};
		8479CAF81C7046FC00BD1C6F /* PBXContainerItemProxy */ = {
			isa = PBXContainerItemProxy;
			containerPortal = 8479CACB1C7046FC00BD1C6F /* Project object */;
			proxyType = 1;
			remoteGlobalIDString = 8479CAD21C7046FC00BD1C6F;
			remoteInfo = HelloWord;
		};
/* End PBXContainerItemProxy section */

/* Begin PBXFileReference section */
		4CA64CF9B757B45B95AFB3F6 /* Pods.debug.xcconfig */ = {isa = PBXFileReference; includeInIndex = 1; lastKnownFileType = text.xcconfig; name = Pods.debug.xcconfig; path = "Pods/Target Support Files/Pods/Pods.debug.xcconfig"; sourceTree = "<group>"; };
		5F81A28979AA075F8D12ABEB /* Pods.release.xcconfig */ = {isa = PBXFileReference; includeInIndex = 1; lastKnownFileType = text.xcconfig; name = Pods.release.xcconfig; path = "Pods/Target Support Files/Pods/Pods.release.xcconfig"; sourceTree = "<group>"; };
		840F784D1C8A7A1C0015E97D /* CGRectViewController.h */ = {isa = PBXFileReference; fileEncoding = 4; lastKnownFileType = sourcecode.c.h; path = CGRectViewController.h; sourceTree = "<group>"; };
		840F784E1C8A7A1C0015E97D /* CGRectViewController.m */ = {isa = PBXFileReference; fileEncoding = 4; lastKnownFileType = sourcecode.c.objc; path = CGRectViewController.m; sourceTree = "<group>"; };
		841A29801C802C83000BB7DB /* Security.framework */ = {isa = PBXFileReference; lastKnownFileType = wrapper.framework; name = Security.framework; path = System/Library/Frameworks/Security.framework; sourceTree = SDKROOT; };
		841A29821C802CAC000BB7DB /* SystemConfiguration.framework */ = {isa = PBXFileReference; lastKnownFileType = wrapper.framework; name = SystemConfiguration.framework; path = System/Library/Frameworks/SystemConfiguration.framework; sourceTree = SDKROOT; };
		841A29841C802CBA000BB7DB /* CoreGraphics.framework */ = {isa = PBXFileReference; lastKnownFileType = wrapper.framework; name = CoreGraphics.framework; path = System/Library/Frameworks/CoreGraphics.framework; sourceTree = SDKROOT; };
		841A29861C802CDB000BB7DB /* CoreTelephony.framework */ = {isa = PBXFileReference; lastKnownFileType = wrapper.framework; name = CoreTelephony.framework; path = System/Library/Frameworks/CoreTelephony.framework; sourceTree = SDKROOT; };
		8429D0291CD2006000055A46 /* BaseAPI.h */ = {isa = PBXFileReference; fileEncoding = 4; lastKnownFileType = sourcecode.c.h; path = BaseAPI.h; sourceTree = "<group>"; };
		8429D02A1CD2006000055A46 /* BaseConst.h */ = {isa = PBXFileReference; fileEncoding = 4; lastKnownFileType = sourcecode.c.h; path = BaseConst.h; sourceTree = "<group>"; };
		8429D02B1CD201BF00055A46 /* BaseViewController.h */ = {isa = PBXFileReference; fileEncoding = 4; lastKnownFileType = sourcecode.c.h; path = BaseViewController.h; sourceTree = "<group>"; };
		8429D02C1CD201BF00055A46 /* BaseViewController.m */ = {isa = PBXFileReference; fileEncoding = 4; lastKnownFileType = sourcecode.c.objc; path = BaseViewController.m; sourceTree = "<group>"; };
		8429D0301CD2049400055A46 /* UIView+position.h */ = {isa = PBXFileReference; fileEncoding = 4; lastKnownFileType = sourcecode.c.h; path = "UIView+position.h"; sourceTree = "<group>"; };
		8429D0311CD2049400055A46 /* UIView+position.m */ = {isa = PBXFileReference; fileEncoding = 4; lastKnownFileType = sourcecode.c.objc; path = "UIView+position.m"; sourceTree = "<group>"; };
		8429D0341CD204D300055A46 /* UIColor+extension.h */ = {isa = PBXFileReference; fileEncoding = 4; lastKnownFileType = sourcecode.c.h; path = "UIColor+extension.h"; sourceTree = "<group>"; };
		8429D0351CD204D300055A46 /* UIColor+extension.m */ = {isa = PBXFileReference; fileEncoding = 4; lastKnownFileType = sourcecode.c.objc; path = "UIColor+extension.m"; sourceTree = "<group>"; };
		842E7C6F1C72C86100661515 /* CalcController.h */ = {isa = PBXFileReference; fileEncoding = 4; lastKnownFileType = sourcecode.c.h; path = CalcController.h; sourceTree = "<group>"; };
		842E7C701C72C86100661515 /* CalcController.m */ = {isa = PBXFileReference; fileEncoding = 4; lastKnownFileType = sourcecode.c.objc; path = CalcController.m; sourceTree = "<group>"; };
		843707111CE4450F00D6AD85 /* RecommendNHView.h */ = {isa = PBXFileReference; fileEncoding = 4; lastKnownFileType = sourcecode.c.h; path = RecommendNHView.h; sourceTree = "<group>"; };
		843707121CE4450F00D6AD85 /* RecommendNHView.m */ = {isa = PBXFileReference; fileEncoding = 4; lastKnownFileType = sourcecode.c.objc; path = RecommendNHView.m; sourceTree = "<group>"; };
		843707141CE459E700D6AD85 /* NHAttentionViewCell.h */ = {isa = PBXFileReference; fileEncoding = 4; lastKnownFileType = sourcecode.c.h; path = NHAttentionViewCell.h; sourceTree = "<group>"; };
		843707151CE459E700D6AD85 /* NHAttentionViewCell.m */ = {isa = PBXFileReference; fileEncoding = 4; lastKnownFileType = sourcecode.c.objc; path = NHAttentionViewCell.m; sourceTree = "<group>"; };
		8449EAD51C71D4F800396D34 /* My.storyboard */ = {isa = PBXFileReference; fileEncoding = 4; lastKnownFileType = file.storyboard; path = My.storyboard; sourceTree = "<group>"; };
		8460535A1C7D593800308B49 /* usersList.plist */ = {isa = PBXFileReference; fileEncoding = 4; lastKnownFileType = text.plist.xml; path = usersList.plist; sourceTree = "<group>"; };
		8460535C1C7D7C8600308B49 /* MyTabBarController.h */ = {isa = PBXFileReference; fileEncoding = 4; lastKnownFileType = sourcecode.c.h; path = MyTabBarController.h; sourceTree = "<group>"; };
		8460535D1C7D7C8600308B49 /* MyTabBarController.m */ = {isa = PBXFileReference; fileEncoding = 4; lastKnownFileType = sourcecode.c.objc; path = MyTabBarController.m; sourceTree = "<group>"; };
		8460535F1C7D7E7900308B49 /* ShareViewController.h */ = {isa = PBXFileReference; fileEncoding = 4; lastKnownFileType = sourcecode.c.h; path = ShareViewController.h; sourceTree = "<group>"; };
		846053601C7D7E7900308B49 /* ShareViewController.m */ = {isa = PBXFileReference; fileEncoding = 4; lastKnownFileType = sourcecode.c.objc; path = ShareViewController.m; sourceTree = "<group>"; };
		846053611C7D7E7900308B49 /* ShareViewController.xib */ = {isa = PBXFileReference; fileEncoding = 4; lastKnownFileType = file.xib; path = ShareViewController.xib; sourceTree = "<group>"; };
		846053641C7D7E9A00308B49 /* LoginViewController.h */ = {isa = PBXFileReference; fileEncoding = 4; lastKnownFileType = sourcecode.c.h; path = LoginViewController.h; sourceTree = "<group>"; };
		846053651C7D7E9A00308B49 /* LoginViewController.m */ = {isa = PBXFileReference; fileEncoding = 4; lastKnownFileType = sourcecode.c.objc; path = LoginViewController.m; sourceTree = "<group>"; };
		846053661C7D7E9A00308B49 /* LoginViewController.xib */ = {isa = PBXFileReference; fileEncoding = 4; lastKnownFileType = file.xib; path = LoginViewController.xib; sourceTree = "<group>"; };
		8460536E1C7D8FE100308B49 /* UMS_account@2x.png */ = {isa = PBXFileReference; lastKnownFileType = image.png; path = "UMS_account@2x.png"; sourceTree = "<group>"; };
		8460536F1C7D8FE100308B49 /* UMS_share@2x.png */ = {isa = PBXFileReference; lastKnownFileType = image.png; path = "UMS_share@2x.png"; sourceTree = "<group>"; };
		8479CAD31C7046FC00BD1C6F /* HelloWord.app */ = {isa = PBXFileReference; explicitFileType = wrapper.application; includeInIndex = 0; path = HelloWord.app; sourceTree = BUILT_PRODUCTS_DIR; };
		8479CAD71C7046FC00BD1C6F /* main.m */ = {isa = PBXFileReference; lastKnownFileType = sourcecode.c.objc; path = main.m; sourceTree = "<group>"; };
		8479CAD91C7046FC00BD1C6F /* AppDelegate.h */ = {isa = PBXFileReference; lastKnownFileType = sourcecode.c.h; path = AppDelegate.h; sourceTree = "<group>"; };
		8479CADA1C7046FC00BD1C6F /* AppDelegate.m */ = {isa = PBXFileReference; lastKnownFileType = sourcecode.c.objc; path = AppDelegate.m; sourceTree = "<group>"; };
		8479CADC1C7046FC00BD1C6F /* ViewController.h */ = {isa = PBXFileReference; lastKnownFileType = sourcecode.c.h; path = ViewController.h; sourceTree = "<group>"; };
		8479CADD1C7046FC00BD1C6F /* ViewController.m */ = {isa = PBXFileReference; lastKnownFileType = sourcecode.c.objc; path = ViewController.m; sourceTree = "<group>"; };
		8479CAE01C7046FC00BD1C6F /* Base */ = {isa = PBXFileReference; lastKnownFileType = file.storyboard; name = Base; path = Base.lproj/Main.storyboard; sourceTree = "<group>"; };
		8479CAE21C7046FC00BD1C6F /* Assets.xcassets */ = {isa = PBXFileReference; lastKnownFileType = folder.assetcatalog; path = Assets.xcassets; sourceTree = "<group>"; };
		8479CAE51C7046FC00BD1C6F /* Base */ = {isa = PBXFileReference; lastKnownFileType = file.storyboard; name = Base; path = Base.lproj/LaunchScreen.storyboard; sourceTree = "<group>"; };
		8479CAE71C7046FC00BD1C6F /* Info.plist */ = {isa = PBXFileReference; lastKnownFileType = text.plist.xml; path = Info.plist; sourceTree = "<group>"; };
		8479CAEC1C7046FC00BD1C6F /* HelloWordTests.xctest */ = {isa = PBXFileReference; explicitFileType = wrapper.cfbundle; includeInIndex = 0; path = HelloWordTests.xctest; sourceTree = BUILT_PRODUCTS_DIR; };
		8479CAF01C7046FC00BD1C6F /* HelloWordTests.m */ = {isa = PBXFileReference; lastKnownFileType = sourcecode.c.objc; path = HelloWordTests.m; sourceTree = "<group>"; };
		8479CAF21C7046FC00BD1C6F /* Info.plist */ = {isa = PBXFileReference; lastKnownFileType = text.plist.xml; path = Info.plist; sourceTree = "<group>"; };
		8479CAF71C7046FC00BD1C6F /* HelloWordUITests.xctest */ = {isa = PBXFileReference; explicitFileType = wrapper.cfbundle; includeInIndex = 0; path = HelloWordUITests.xctest; sourceTree = BUILT_PRODUCTS_DIR; };
		8479CAFB1C7046FC00BD1C6F /* HelloWordUITests.m */ = {isa = PBXFileReference; lastKnownFileType = sourcecode.c.objc; path = HelloWordUITests.m; sourceTree = "<group>"; };
		8479CAFD1C7046FC00BD1C6F /* Info.plist */ = {isa = PBXFileReference; lastKnownFileType = text.plist.xml; path = Info.plist; sourceTree = "<group>"; };
		8486D19D1C74790D00AB319A /* NineController.h */ = {isa = PBXFileReference; fileEncoding = 4; lastKnownFileType = sourcecode.c.h; path = NineController.h; sourceTree = "<group>"; };
		8486D19E1C74790D00AB319A /* NineController.m */ = {isa = PBXFileReference; fileEncoding = 4; lastKnownFileType = sourcecode.c.objc; path = NineController.m; sourceTree = "<group>"; };
		848BD85A1C858FB3008D3641 /* BottomView.h */ = {isa = PBXFileReference; fileEncoding = 4; lastKnownFileType = sourcecode.c.h; path = BottomView.h; sourceTree = "<group>"; };
		848BD85B1C858FB3008D3641 /* BottomView.m */ = {isa = PBXFileReference; fileEncoding = 4; lastKnownFileType = sourcecode.c.objc; path = BottomView.m; sourceTree = "<group>"; };
		848F80B91C87194500418C69 /* SocialGroupView.h */ = {isa = PBXFileReference; fileEncoding = 4; lastKnownFileType = sourcecode.c.h; path = SocialGroupView.h; sourceTree = "<group>"; };
		848F80BA1C87194500418C69 /* SocialGroupView.m */ = {isa = PBXFileReference; fileEncoding = 4; lastKnownFileType = sourcecode.c.objc; path = SocialGroupView.m; sourceTree = "<group>"; };
		849196701C7FF3D60038BA6E /* NightController.h */ = {isa = PBXFileReference; fileEncoding = 4; lastKnownFileType = sourcecode.c.h; path = NightController.h; sourceTree = "<group>"; };
		849196711C7FF3D60038BA6E /* NightController.m */ = {isa = PBXFileReference; fileEncoding = 4; lastKnownFileType = sourcecode.c.objc; path = NightController.m; sourceTree = "<group>"; };
		849196721C7FF3D60038BA6E /* NightController.xib */ = {isa = PBXFileReference; fileEncoding = 4; lastKnownFileType = file.xib; path = NightController.xib; sourceTree = "<group>"; };
		849196751C8001E60038BA6E /* night.jpg */ = {isa = PBXFileReference; lastKnownFileType = image.jpeg; path = night.jpg; sourceTree = "<group>"; };
		849196761C8001E60038BA6E /* normal.jpg */ = {isa = PBXFileReference; lastKnownFileType = image.jpeg; path = normal.jpg; sourceTree = "<group>"; };
		84A5885C1C89528700E58CF0 /* DetialTableViewCell.h */ = {isa = PBXFileReference; fileEncoding = 4; lastKnownFileType = sourcecode.c.h; path = DetialTableViewCell.h; sourceTree = "<group>"; };
		84A5885D1C89528700E58CF0 /* DetialTableViewCell.m */ = {isa = PBXFileReference; fileEncoding = 4; lastKnownFileType = sourcecode.c.objc; path = DetialTableViewCell.m; sourceTree = "<group>"; };
		84A588631C89634600E58CF0 /* Mp3ViewController.h */ = {isa = PBXFileReference; fileEncoding = 4; lastKnownFileType = sourcecode.c.h; path = Mp3ViewController.h; sourceTree = "<group>"; };
		84A588641C89634600E58CF0 /* Mp3ViewController.m */ = {isa = PBXFileReference; fileEncoding = 4; lastKnownFileType = sourcecode.c.objc; path = Mp3ViewController.m; sourceTree = "<group>"; };
		84A588671C8997E300E58CF0 /* yese.mp3 */ = {isa = PBXFileReference; lastKnownFileType = audio.mp3; name = yese.mp3; path = ../../../../../../Downloads/yese.mp3; sourceTree = "<group>"; };
		84A7C69B1CE054E20056BE57 /* GalleryViewController.h */ = {isa = PBXFileReference; fileEncoding = 4; lastKnownFileType = sourcecode.c.h; path = GalleryViewController.h; sourceTree = "<group>"; };
		84A7C69C1CE054E20056BE57 /* GalleryViewController.m */ = {isa = PBXFileReference; fileEncoding = 4; lastKnownFileType = sourcecode.c.objc; path = GalleryViewController.m; sourceTree = "<group>"; };
		84A7C69E1CE05C730056BE57 /* LineLayout.h */ = {isa = PBXFileReference; fileEncoding = 4; lastKnownFileType = sourcecode.c.h; path = LineLayout.h; sourceTree = "<group>"; };
		84A7C69F1CE05C730056BE57 /* LineLayout.m */ = {isa = PBXFileReference; fileEncoding = 4; lastKnownFileType = sourcecode.c.objc; path = LineLayout.m; sourceTree = "<group>"; };
		84A7C6A71CE0621B0056BE57 /* ImageCell.h */ = {isa = PBXFileReference; fileEncoding = 4; lastKnownFileType = sourcecode.c.h; path = ImageCell.h; sourceTree = "<group>"; };
		84A7C6A81CE0621B0056BE57 /* ImageCell.m */ = {isa = PBXFileReference; fileEncoding = 4; lastKnownFileType = sourcecode.c.objc; path = ImageCell.m; sourceTree = "<group>"; };
		84A7C6AA1CE062370056BE57 /* ImageCell.xib */ = {isa = PBXFileReference; fileEncoding = 4; lastKnownFileType = file.xib; path = ImageCell.xib; sourceTree = "<group>"; };
		84A7C6AD1CE09C120056BE57 /* CollectionViewController.h */ = {isa = PBXFileReference; fileEncoding = 4; lastKnownFileType = sourcecode.c.h; path = CollectionViewController.h; sourceTree = "<group>"; };
		84A7C6AE1CE09C120056BE57 /* CollectionViewController.m */ = {isa = PBXFileReference; fileEncoding = 4; lastKnownFileType = sourcecode.c.objc; path = CollectionViewController.m; sourceTree = "<group>"; };
		84A7C6B01CE0A2890056BE57 /* NHSquareCell.h */ = {isa = PBXFileReference; fileEncoding = 4; lastKnownFileType = sourcecode.c.h; path = NHSquareCell.h; sourceTree = "<group>"; };
		84A7C6B11CE0A2890056BE57 /* NHSquareCell.m */ = {isa = PBXFileReference; fileEncoding = 4; lastKnownFileType = sourcecode.c.objc; path = NHSquareCell.m; sourceTree = "<group>"; };
		84A7C6B91CE16ECD0056BE57 /* NHAttentionView.h */ = {isa = PBXFileReference; fileEncoding = 4; lastKnownFileType = sourcecode.c.h; path = NHAttentionView.h; sourceTree = "<group>"; };
		84A7C6BA1CE16ECD0056BE57 /* NHAttentionView.m */ = {isa = PBXFileReference; fileEncoding = 4; lastKnownFileType = sourcecode.c.objc; path = NHAttentionView.m; sourceTree = "<group>"; };
		84A7C6BC1CE16F110056BE57 /* NHAttentionItemView.h */ = {isa = PBXFileReference; fileEncoding = 4; lastKnownFileType = sourcecode.c.h; path = NHAttentionItemView.h; sourceTree = "<group>"; };
		84A7C6BD1CE16F110056BE57 /* NHAttentionItemView.m */ = {isa = PBXFileReference; fileEncoding = 4; lastKnownFileType = sourcecode.c.objc; path = NHAttentionItemView.m; sourceTree = "<group>"; };
		84A7C6BF1CE1A32A0056BE57 /* NHAttentionModel.h */ = {isa = PBXFileReference; fileEncoding = 4; lastKnownFileType = sourcecode.c.h; path = NHAttentionModel.h; sourceTree = "<group>"; };
		84A7C6C01CE1A32A0056BE57 /* NHAttentionModel.m */ = {isa = PBXFileReference; fileEncoding = 4; lastKnownFileType = sourcecode.c.objc; path = NHAttentionModel.m; sourceTree = "<group>"; };
		84A7C6C31CE1C1AD0056BE57 /* MYViewController.h */ = {isa = PBXFileReference; fileEncoding = 4; lastKnownFileType = sourcecode.c.h; path = MYViewController.h; sourceTree = "<group>"; };
		84A7C6C41CE1C1AD0056BE57 /* MYViewController.m */ = {isa = PBXFileReference; fileEncoding = 4; lastKnownFileType = sourcecode.c.objc; path = MYViewController.m; sourceTree = "<group>"; };
		84A7C6C61CE1C43E0056BE57 /* 关注@2x.png */ = {isa = PBXFileReference; lastKnownFileType = image.png; path = "关注@2x.png"; sourceTree = "<group>"; };
		84A7C6C71CE1C43E0056BE57 /* 关注@3x.png */ = {isa = PBXFileReference; lastKnownFileType = image.png; path = "关注@3x.png"; sourceTree = "<group>"; };
		84A7C6CA1CE1C6820056BE57 /* 农红底部-按下状态@2x.png */ = {isa = PBXFileReference; lastKnownFileType = image.png; path = "农红底部-按下状态@2x.png"; sourceTree = "<group>"; };
		84A7C6CB1CE1C6820056BE57 /* 农红底部-按下状态@3x.png */ = {isa = PBXFileReference; lastKnownFileType = image.png; path = "农红底部-按下状态@3x.png"; sourceTree = "<group>"; };
		84A7C6CE1CE1C6910056BE57 /* 更多@2x.png */ = {isa = PBXFileReference; lastKnownFileType = image.png; path = "更多@2x.png"; sourceTree = "<group>"; };
		84A7C6CF1CE1C6910056BE57 /* 更多@3x.png */ = {isa = PBXFileReference; lastKnownFileType = image.png; path = "更多@3x.png"; sourceTree = "<group>"; };
		84B652AF1CE35E3A00A33194 /* 关注框@2x.png */ = {isa = PBXFileReference; lastKnownFileType = image.png; path = "关注框@2x.png"; sourceTree = "<group>"; };
		84B652B01CE35E3A00A33194 /* 关注框@3x.png */ = {isa = PBXFileReference; lastKnownFileType = image.png; path = "关注框@3x.png"; sourceTree = "<group>"; };
		84B652B11CE35E3A00A33194 /* 农红秀场@2x.png */ = {isa = PBXFileReference; lastKnownFileType = image.png; path = "农红秀场@2x.png"; sourceTree = "<group>"; };
		84B652B21CE35E3A00A33194 /* 农红秀场@3x.png */ = {isa = PBXFileReference; lastKnownFileType = image.png; path = "农红秀场@3x.png"; sourceTree = "<group>"; };
		84C7480A1C8E71E3004B49CA /* UISTableViewController.h */ = {isa = PBXFileReference; fileEncoding = 4; lastKnownFileType = sourcecode.c.h; path = UISTableViewController.h; sourceTree = "<group>"; };
		84C7480B1C8E71E3004B49CA /* UISTableViewController.m */ = {isa = PBXFileReference; fileEncoding = 4; lastKnownFileType = sourcecode.c.objc; path = UISTableViewController.m; sourceTree = "<group>"; };
		84CCF2591C844D7000B2DDB0 /* TouTiaoDetailsController.h */ = {isa = PBXFileReference; fileEncoding = 4; lastKnownFileType = sourcecode.c.h; path = TouTiaoDetailsController.h; sourceTree = "<group>"; };
		84CCF25A1C844D7000B2DDB0 /* TouTiaoDetailsController.m */ = {isa = PBXFileReference; fileEncoding = 4; lastKnownFileType = sourcecode.c.objc; path = TouTiaoDetailsController.m; sourceTree = "<group>"; };
		84CF67391CE0182900A0DCBA /* GallerViewController.h */ = {isa = PBXFileReference; fileEncoding = 4; lastKnownFileType = sourcecode.c.h; path = GallerViewController.h; sourceTree = "<group>"; };
		84CF673A1CE0182900A0DCBA /* GallerViewController.m */ = {isa = PBXFileReference; fileEncoding = 4; lastKnownFileType = sourcecode.c.objc; path = GallerViewController.m; sourceTree = "<group>"; };
		84D0061A1CA2808B005195DD /* UIAcSheetView.h */ = {isa = PBXFileReference; fileEncoding = 4; lastKnownFileType = sourcecode.c.h; path = UIAcSheetView.h; sourceTree = "<group>"; };
		84D0061B1CA2808B005195DD /* UIAcSheetView.m */ = {isa = PBXFileReference; fileEncoding = 4; lastKnownFileType = sourcecode.c.objc; path = UIAcSheetView.m; sourceTree = "<group>"; };
		84D94B111C8FC61700CCC3DD /* ButtonController.h */ = {isa = PBXFileReference; fileEncoding = 4; lastKnownFileType = sourcecode.c.h; path = ButtonController.h; sourceTree = "<group>"; };
		84D94B121C8FC61700CCC3DD /* ButtonController.m */ = {isa = PBXFileReference; fileEncoding = 4; lastKnownFileType = sourcecode.c.objc; path = ButtonController.m; sourceTree = "<group>"; };
		84D94B2C1C8FEBEC00CCC3DD /* UIText.h */ = {isa = PBXFileReference; fileEncoding = 4; lastKnownFileType = sourcecode.c.h; path = UIText.h; sourceTree = "<group>"; };
		84D94B2D1C8FEBEC00CCC3DD /* UIText.m */ = {isa = PBXFileReference; fileEncoding = 4; lastKnownFileType = sourcecode.c.objc; path = UIText.m; sourceTree = "<group>"; };
		84D94B2E1C8FEBEC00CCC3DD /* UIText.xib */ = {isa = PBXFileReference; fileEncoding = 4; lastKnownFileType = file.xib; path = UIText.xib; sourceTree = "<group>"; };
		84D94B331C9028E600CCC3DD /* UISwitchViewController.h */ = {isa = PBXFileReference; fileEncoding = 4; lastKnownFileType = sourcecode.c.h; path = UISwitchViewController.h; sourceTree = "<group>"; };
		84D94B341C9028E600CCC3DD /* UISwitchViewController.m */ = {isa = PBXFileReference; fileEncoding = 4; lastKnownFileType = sourcecode.c.objc; path = UISwitchViewController.m; sourceTree = "<group>"; };
		84D94B351C9028E600CCC3DD /* UISwitchViewController.xib */ = {isa = PBXFileReference; fileEncoding = 4; lastKnownFileType = file.xib; path = UISwitchViewController.xib; sourceTree = "<group>"; };
		84D94B3E1C9035E900CCC3DD /* UIViewViewController.h */ = {isa = PBXFileReference; fileEncoding = 4; lastKnownFileType = sourcecode.c.h; path = UIViewViewController.h; sourceTree = "<group>"; };
		84D94B3F1C9035E900CCC3DD /* UIViewViewController.m */ = {isa = PBXFileReference; fileEncoding = 4; lastKnownFileType = sourcecode.c.objc; path = UIViewViewController.m; sourceTree = "<group>"; };
		84D94B401C9035E900CCC3DD /* UIViewViewController.xib */ = {isa = PBXFileReference; fileEncoding = 4; lastKnownFileType = file.xib; path = UIViewViewController.xib; sourceTree = "<group>"; };
		84D94B441C9036F400CCC3DD /* ProgressViewController.h */ = {isa = PBXFileReference; fileEncoding = 4; lastKnownFileType = sourcecode.c.h; path = ProgressViewController.h; sourceTree = "<group>"; };
		84D94B451C9036F400CCC3DD /* ProgressViewController.m */ = {isa = PBXFileReference; fileEncoding = 4; lastKnownFileType = sourcecode.c.objc; path = ProgressViewController.m; sourceTree = "<group>"; };
		84D94B461C9036F400CCC3DD /* ProgressViewController.xib */ = {isa = PBXFileReference; fileEncoding = 4; lastKnownFileType = file.xib; path = ProgressViewController.xib; sourceTree = "<group>"; };
		84E21D3E1CD1A592003D684B /* WebViewController.h */ = {isa = PBXFileReference; fileEncoding = 4; lastKnownFileType = sourcecode.c.h; path = WebViewController.h; sourceTree = "<group>"; };
		84E21D3F1CD1A592003D684B /* WebViewController.m */ = {isa = PBXFileReference; fileEncoding = 4; lastKnownFileType = sourcecode.c.objc; path = WebViewController.m; sourceTree = "<group>"; };
		84E904BF1C881E3300B42926 /* UMS_shared@2x.png */ = {isa = PBXFileReference; lastKnownFileType = image.png; path = "UMS_shared@2x.png"; sourceTree = "<group>"; };
		84E904C11C882E3F00B42926 /* love_video_night.png */ = {isa = PBXFileReference; lastKnownFileType = image.png; path = love_video_night.png; sourceTree = "<group>"; };
		84E904C21C882E3F00B42926 /* new_review_tabbar.png */ = {isa = PBXFileReference; lastKnownFileType = image.png; path = new_review_tabbar.png; sourceTree = "<group>"; };
		84E904C31C882E3F00B42926 /* new_share_tabbar_normal.png */ = {isa = PBXFileReference; lastKnownFileType = image.png; path = new_share_tabbar_normal.png; sourceTree = "<group>"; };
		84E904C71C883CE400B42926 /* DetialTabView.h */ = {isa = PBXFileReference; fileEncoding = 4; lastKnownFileType = sourcecode.c.h; path = DetialTabView.h; sourceTree = "<group>"; };
		84E904C81C883CE400B42926 /* DetialTabView.m */ = {isa = PBXFileReference; fileEncoding = 4; lastKnownFileType = sourcecode.c.objc; path = DetialTabView.m; sourceTree = "<group>"; };
		84E904CF1C885D8C00B42926 /* DetialEntity.h */ = {isa = PBXFileReference; fileEncoding = 4; lastKnownFileType = sourcecode.c.h; path = DetialEntity.h; sourceTree = "<group>"; };
		84E904D01C885D8C00B42926 /* DetialEntity.m */ = {isa = PBXFileReference; fileEncoding = 4; lastKnownFileType = sourcecode.c.objc; path = DetialEntity.m; sourceTree = "<group>"; };
		84E904D21C886A1900B42926 /* DetialShowCountView.h */ = {isa = PBXFileReference; fileEncoding = 4; lastKnownFileType = sourcecode.c.h; path = DetialShowCountView.h; sourceTree = "<group>"; };
		84E904D31C886A1900B42926 /* DetialShowCountView.m */ = {isa = PBXFileReference; fileEncoding = 4; lastKnownFileType = sourcecode.c.objc; path = DetialShowCountView.m; sourceTree = "<group>"; };
		B18BF96B6F7EA6457E84C0E3 /* libPods.a */ = {isa = PBXFileReference; explicitFileType = archive.ar; includeInIndex = 0; path = libPods.a; sourceTree = BUILT_PRODUCTS_DIR; };
/* End PBXFileReference section */

/* Begin PBXFrameworksBuildPhase section */
		8479CAD01C7046FC00BD1C6F /* Frameworks */ = {
			isa = PBXFrameworksBuildPhase;
			buildActionMask = 2147483647;
			files = (
				841A29871C802CDB000BB7DB /* CoreTelephony.framework in Frameworks */,
				841A29851C802CBA000BB7DB /* CoreGraphics.framework in Frameworks */,
				841A29831C802CAC000BB7DB /* SystemConfiguration.framework in Frameworks */,
				841A29811C802C83000BB7DB /* Security.framework in Frameworks */,
				E9D350D0E93BB8CDD2345F00 /* libPods.a in Frameworks */,
			);
			runOnlyForDeploymentPostprocessing = 0;
		};
		8479CAE91C7046FC00BD1C6F /* Frameworks */ = {
			isa = PBXFrameworksBuildPhase;
			buildActionMask = 2147483647;
			files = (
			);
			runOnlyForDeploymentPostprocessing = 0;
		};
		8479CAF41C7046FC00BD1C6F /* Frameworks */ = {
			isa = PBXFrameworksBuildPhase;
			buildActionMask = 2147483647;
			files = (
			);
			runOnlyForDeploymentPostprocessing = 0;
		};
/* End PBXFrameworksBuildPhase section */

/* Begin PBXGroup section */
		38D236C885B3026CA5ED4CD3 /* Pods */ = {
			isa = PBXGroup;
			children = (
				4CA64CF9B757B45B95AFB3F6 /* Pods.debug.xcconfig */,
				5F81A28979AA075F8D12ABEB /* Pods.release.xcconfig */,
			);
			name = Pods;
			sourceTree = "<group>";
		};
		7ADB10DE7950343706064756 /* Frameworks */ = {
			isa = PBXGroup;
			children = (
				841A29861C802CDB000BB7DB /* CoreTelephony.framework */,
				841A29841C802CBA000BB7DB /* CoreGraphics.framework */,
				841A29821C802CAC000BB7DB /* SystemConfiguration.framework */,
				841A29801C802C83000BB7DB /* Security.framework */,
				B18BF96B6F7EA6457E84C0E3 /* libPods.a */,
			);
			name = Frameworks;
			sourceTree = "<group>";
		};
		840F784C1C8A7A080015E97D /* CGRect */ = {
			isa = PBXGroup;
			children = (
				840F784D1C8A7A1C0015E97D /* CGRectViewController.h */,
				840F784E1C8A7A1C0015E97D /* CGRectViewController.m */,
			);
			path = CGRect;
			sourceTree = "<group>";
		};
		8429D0271CD2005000055A46 /* base */ = {
			isa = PBXGroup;
			children = (
				8429D0281CD2006000055A46 /* BaseAPI */,
				8429D02B1CD201BF00055A46 /* BaseViewController.h */,
				8429D02C1CD201BF00055A46 /* BaseViewController.m */,
			);
			path = base;
			sourceTree = "<group>";
		};
		8429D0281CD2006000055A46 /* BaseAPI */ = {
			isa = PBXGroup;
			children = (
				8429D0291CD2006000055A46 /* BaseAPI.h */,
				8429D02A1CD2006000055A46 /* BaseConst.h */,
			);
			path = BaseAPI;
			sourceTree = "<group>";
		};
		8429D02E1CD2047A00055A46 /* Tools */ = {
			isa = PBXGroup;
			children = (
				843707101CE444B800D6AD85 /* MyView2 */,
				84A7C6B81CE16E570056BE57 /* MyView */,
				8429D0331CD204D300055A46 /* Color */,
				8429D02F1CD2048A00055A46 /* Plug */,
			);
			path = Tools;
			sourceTree = "<group>";
		};
		8429D02F1CD2048A00055A46 /* Plug */ = {
			isa = PBXGroup;
			children = (
				8429D0301CD2049400055A46 /* UIView+position.h */,
				8429D0311CD2049400055A46 /* UIView+position.m */,
			);
			path = Plug;
			sourceTree = "<group>";
		};
		8429D0331CD204D300055A46 /* Color */ = {
			isa = PBXGroup;
			children = (
				8429D0341CD204D300055A46 /* UIColor+extension.h */,
				8429D0351CD204D300055A46 /* UIColor+extension.m */,
			);
			path = Color;
			sourceTree = "<group>";
		};
		842E7C6E1C72C86100661515 /* UICalc */ = {
			isa = PBXGroup;
			children = (
				842E7C6F1C72C86100661515 /* CalcController.h */,
				842E7C701C72C86100661515 /* CalcController.m */,
			);
			path = UICalc;
			sourceTree = "<group>";
		};
		843707101CE444B800D6AD85 /* MyView2 */ = {
			isa = PBXGroup;
			children = (
				843707111CE4450F00D6AD85 /* RecommendNHView.h */,
				843707121CE4450F00D6AD85 /* RecommendNHView.m */,
			);
			path = MyView2;
			sourceTree = "<group>";
		};
		8460536D1C7D8FE100308B49 /* Image */ = {
			isa = PBXGroup;
			children = (
				84B652AF1CE35E3A00A33194 /* 关注框@2x.png */,
				84B652B01CE35E3A00A33194 /* 关注框@3x.png */,
				84B652B11CE35E3A00A33194 /* 农红秀场@2x.png */,
				84B652B21CE35E3A00A33194 /* 农红秀场@3x.png */,
				84A7C6CE1CE1C6910056BE57 /* 更多@2x.png */,
				84A7C6CF1CE1C6910056BE57 /* 更多@3x.png */,
				84A7C6CA1CE1C6820056BE57 /* 农红底部-按下状态@2x.png */,
				84A7C6CB1CE1C6820056BE57 /* 农红底部-按下状态@3x.png */,
				84A7C6C61CE1C43E0056BE57 /* 关注@2x.png */,
				84A7C6C71CE1C43E0056BE57 /* 关注@3x.png */,
				84E904C11C882E3F00B42926 /* love_video_night.png */,
				84E904C21C882E3F00B42926 /* new_review_tabbar.png */,
				84E904C31C882E3F00B42926 /* new_share_tabbar_normal.png */,
				849196751C8001E60038BA6E /* night.jpg */,
				849196761C8001E60038BA6E /* normal.jpg */,
				84E904BF1C881E3300B42926 /* UMS_shared@2x.png */,
				8460536E1C7D8FE100308B49 /* UMS_account@2x.png */,
				8460536F1C7D8FE100308B49 /* UMS_share@2x.png */,
			);
			path = Image;
			sourceTree = "<group>";
		};
		847268561C8DAE7D0006987D /* TableViewDemo */ = {
			isa = PBXGroup;
			children = (
				84C7480A1C8E71E3004B49CA /* UISTableViewController.h */,
				84C7480B1C8E71E3004B49CA /* UISTableViewController.m */,
			);
			path = TableViewDemo;
			sourceTree = "<group>";
		};
		8479CACA1C7046FC00BD1C6F = {
			isa = PBXGroup;
			children = (
				8479CAD51C7046FC00BD1C6F /* HelloWord */,
				8479CAEF1C7046FC00BD1C6F /* HelloWordTests */,
				8479CAFA1C7046FC00BD1C6F /* HelloWordUITests */,
				8479CAD41C7046FC00BD1C6F /* Products */,
				38D236C885B3026CA5ED4CD3 /* Pods */,
				7ADB10DE7950343706064756 /* Frameworks */,
			);
			sourceTree = "<group>";
		};
		8479CAD41C7046FC00BD1C6F /* Products */ = {
			isa = PBXGroup;
			children = (
				8479CAD31C7046FC00BD1C6F /* HelloWord.app */,
				8479CAEC1C7046FC00BD1C6F /* HelloWordTests.xctest */,
				8479CAF71C7046FC00BD1C6F /* HelloWordUITests.xctest */,
			);
			name = Products;
			sourceTree = "<group>";
		};
		8479CAD51C7046FC00BD1C6F /* HelloWord */ = {
			isa = PBXGroup;
			children = (
				8429D02E1CD2047A00055A46 /* Tools */,
				8429D0271CD2005000055A46 /* base */,
				84D94B0F1C8FC58300CCC3DD /* UIViewDemos */,
				847268561C8DAE7D0006987D /* TableViewDemo */,
				840F784C1C8A7A080015E97D /* CGRect */,
				84A588611C8962F300E58CF0 /* player */,
				84CCF2581C844CCA00B2DDB0 /* ImitationTouTiao */,
				8491966C1C7FE6E80038BA6E /* NightDemo */,
				8460536D1C7D8FE100308B49 /* Image */,
				84EB06AB1C756F35001E0DF4 /* youmeng */,
				8486D19C1C74790D00AB319A /* nineG */,
				842E7C6E1C72C86100661515 /* UICalc */,
				8479CAD91C7046FC00BD1C6F /* AppDelegate.h */,
				8479CADA1C7046FC00BD1C6F /* AppDelegate.m */,
				8479CADC1C7046FC00BD1C6F /* ViewController.h */,
				8479CADD1C7046FC00BD1C6F /* ViewController.m */,
				8479CADF1C7046FC00BD1C6F /* Main.storyboard */,
				8479CAE21C7046FC00BD1C6F /* Assets.xcassets */,
				8479CAE41C7046FC00BD1C6F /* LaunchScreen.storyboard */,
				8479CAE71C7046FC00BD1C6F /* Info.plist */,
				8460535A1C7D593800308B49 /* usersList.plist */,
				8479CAD61C7046FC00BD1C6F /* Supporting Files */,
				8449EAD51C71D4F800396D34 /* My.storyboard */,
			);
			path = HelloWord;
			sourceTree = "<group>";
		};
		8479CAD61C7046FC00BD1C6F /* Supporting Files */ = {
			isa = PBXGroup;
			children = (
				8479CAD71C7046FC00BD1C6F /* main.m */,
			);
			name = "Supporting Files";
			sourceTree = "<group>";
		};
		8479CAEF1C7046FC00BD1C6F /* HelloWordTests */ = {
			isa = PBXGroup;
			children = (
				8479CAF01C7046FC00BD1C6F /* HelloWordTests.m */,
				8479CAF21C7046FC00BD1C6F /* Info.plist */,
			);
			path = HelloWordTests;
			sourceTree = "<group>";
		};
		8479CAFA1C7046FC00BD1C6F /* HelloWordUITests */ = {
			isa = PBXGroup;
			children = (
				8479CAFB1C7046FC00BD1C6F /* HelloWordUITests.m */,
				8479CAFD1C7046FC00BD1C6F /* Info.plist */,
			);
			path = HelloWordUITests;
			sourceTree = "<group>";
		};
		8486D19C1C74790D00AB319A /* nineG */ = {
			isa = PBXGroup;
			children = (
				8486D19D1C74790D00AB319A /* NineController.h */,
				8486D19E1C74790D00AB319A /* NineController.m */,
			);
			path = nineG;
			sourceTree = "<group>";
		};
		8491966C1C7FE6E80038BA6E /* NightDemo */ = {
			isa = PBXGroup;
			children = (
				849196701C7FF3D60038BA6E /* NightController.h */,
				849196711C7FF3D60038BA6E /* NightController.m */,
				849196721C7FF3D60038BA6E /* NightController.xib */,
			);
			path = NightDemo;
			sourceTree = "<group>";
		};
		84A588611C8962F300E58CF0 /* player */ = {
			isa = PBXGroup;
			children = (
				84A588621C89630700E58CF0 /* MP3 */,
				84A588631C89634600E58CF0 /* Mp3ViewController.h */,
				84A588641C89634600E58CF0 /* Mp3ViewController.m */,
			);
			path = player;
			sourceTree = "<group>";
		};
		84A588621C89630700E58CF0 /* MP3 */ = {
			isa = PBXGroup;
			children = (
				84A588671C8997E300E58CF0 /* yese.mp3 */,
			);
			path = MP3;
			sourceTree = "<group>";
		};
		84A7C6991CE0403A0056BE57 /* UIPageViewDemo */ = {
			isa = PBXGroup;
			children = (
			);
			path = UIPageViewDemo;
			sourceTree = "<group>";
		};
		84A7C69A1CE054BF0056BE57 /* GalleryView */ = {
			isa = PBXGroup;
			children = (
				84A7C69B1CE054E20056BE57 /* GalleryViewController.h */,
				84A7C69C1CE054E20056BE57 /* GalleryViewController.m */,
				84A7C69E1CE05C730056BE57 /* LineLayout.h */,
				84A7C69F1CE05C730056BE57 /* LineLayout.m */,
				84A7C6A71CE0621B0056BE57 /* ImageCell.h */,
				84A7C6A81CE0621B0056BE57 /* ImageCell.m */,
				84A7C6AA1CE062370056BE57 /* ImageCell.xib */,
			);
			path = GalleryView;
			sourceTree = "<group>";
		};
		84A7C6AC1CE09BF50056BE57 /* UICollectionViewDemo */ = {
			isa = PBXGroup;
			children = (
				84A7C6AD1CE09C120056BE57 /* CollectionViewController.h */,
				84A7C6AE1CE09C120056BE57 /* CollectionViewController.m */,
				84A7C6B01CE0A2890056BE57 /* NHSquareCell.h */,
				84A7C6B11CE0A2890056BE57 /* NHSquareCell.m */,
			);
			path = UICollectionViewDemo;
			sourceTree = "<group>";
		};
		84A7C6B81CE16E570056BE57 /* MyView */ = {
			isa = PBXGroup;
			children = (
				84A7C6B91CE16ECD0056BE57 /* NHAttentionView.h */,
				84A7C6BA1CE16ECD0056BE57 /* NHAttentionView.m */,
				84A7C6BC1CE16F110056BE57 /* NHAttentionItemView.h */,
				84A7C6BD1CE16F110056BE57 /* NHAttentionItemView.m */,
				84A7C6BF1CE1A32A0056BE57 /* NHAttentionModel.h */,
				84A7C6C01CE1A32A0056BE57 /* NHAttentionModel.m */,
				843707141CE459E700D6AD85 /* NHAttentionViewCell.h */,
				843707151CE459E700D6AD85 /* NHAttentionViewCell.m */,
			);
			path = MyView;
			sourceTree = "<group>";
		};
		84A7C6C21CE1C1960056BE57 /* UIMyView */ = {
			isa = PBXGroup;
			children = (
				84A7C6C31CE1C1AD0056BE57 /* MYViewController.h */,
				84A7C6C41CE1C1AD0056BE57 /* MYViewController.m */,
			);
			path = UIMyView;
			sourceTree = "<group>";
		};
		84CCF2581C844CCA00B2DDB0 /* ImitationTouTiao */ = {
			isa = PBXGroup;
			children = (
				84CCF2591C844D7000B2DDB0 /* TouTiaoDetailsController.h */,
				84CCF25A1C844D7000B2DDB0 /* TouTiaoDetailsController.m */,
				848BD85A1C858FB3008D3641 /* BottomView.h */,
				848BD85B1C858FB3008D3641 /* BottomView.m */,
				848F80B91C87194500418C69 /* SocialGroupView.h */,
				848F80BA1C87194500418C69 /* SocialGroupView.m */,
				84E904C71C883CE400B42926 /* DetialTabView.h */,
				84E904C81C883CE400B42926 /* DetialTabView.m */,
				84E904CF1C885D8C00B42926 /* DetialEntity.h */,
				84E904D01C885D8C00B42926 /* DetialEntity.m */,
				84E904D21C886A1900B42926 /* DetialShowCountView.h */,
				84E904D31C886A1900B42926 /* DetialShowCountView.m */,
				84A5885C1C89528700E58CF0 /* DetialTableViewCell.h */,
				84A5885D1C89528700E58CF0 /* DetialTableViewCell.m */,
			);
			path = ImitationTouTiao;
			sourceTree = "<group>";
		};
		84CF67381CE017FB00A0DCBA /* UITableViewDemo */ = {
			isa = PBXGroup;
			children = (
				84CF67391CE0182900A0DCBA /* GallerViewController.h */,
				84CF673A1CE0182900A0DCBA /* GallerViewController.m */,
			);
			path = UITableViewDemo;
			sourceTree = "<group>";
		};
		84D006191CA2807C005195DD /* UIActionSheetView */ = {
			isa = PBXGroup;
			children = (
				84D0061A1CA2808B005195DD /* UIAcSheetView.h */,
				84D0061B1CA2808B005195DD /* UIAcSheetView.m */,
			);
			path = UIActionSheetView;
			sourceTree = "<group>";
		};
		84D94B0F1C8FC58300CCC3DD /* UIViewDemos */ = {
			isa = PBXGroup;
			children = (
				84A7C6C21CE1C1960056BE57 /* UIMyView */,
				84A7C6AC1CE09BF50056BE57 /* UICollectionViewDemo */,
				84A7C69A1CE054BF0056BE57 /* GalleryView */,
				84A7C6991CE0403A0056BE57 /* UIPageViewDemo */,
				84CF67381CE017FB00A0DCBA /* UITableViewDemo */,
				84E21D3D1CD1A564003D684B /* UIWebViewDemo */,
				84D006191CA2807C005195DD /* UIActionSheetView */,
				84D94B431C9036DE00CCC3DD /* UIProgressView */,
				84D94B3D1C9035E900CCC3DD /* UIViewDemo */,
				84D94B101C8FC61700CCC3DD /* ButtonDemo */,
				84D94B161C8FC61700CCC3DD /* UISwitch */,
				84D94B191C8FC61700CCC3DD /* UIText */,
			);
			path = UIViewDemos;
			sourceTree = "<group>";
		};
		84D94B101C8FC61700CCC3DD /* ButtonDemo */ = {
			isa = PBXGroup;
			children = (
				84D94B111C8FC61700CCC3DD /* ButtonController.h */,
				84D94B121C8FC61700CCC3DD /* ButtonController.m */,
			);
			path = ButtonDemo;
			sourceTree = "<group>";
		};
		84D94B161C8FC61700CCC3DD /* UISwitch */ = {
			isa = PBXGroup;
			children = (
				84D94B331C9028E600CCC3DD /* UISwitchViewController.h */,
				84D94B341C9028E600CCC3DD /* UISwitchViewController.m */,
				84D94B351C9028E600CCC3DD /* UISwitchViewController.xib */,
			);
			path = UISwitch;
			sourceTree = "<group>";
		};
		84D94B191C8FC61700CCC3DD /* UIText */ = {
			isa = PBXGroup;
			children = (
				84D94B2C1C8FEBEC00CCC3DD /* UIText.h */,
				84D94B2D1C8FEBEC00CCC3DD /* UIText.m */,
				84D94B2E1C8FEBEC00CCC3DD /* UIText.xib */,
			);
			path = UIText;
			sourceTree = "<group>";
		};
		84D94B3D1C9035E900CCC3DD /* UIViewDemo */ = {
			isa = PBXGroup;
			children = (
				84D94B3E1C9035E900CCC3DD /* UIViewViewController.h */,
				84D94B3F1C9035E900CCC3DD /* UIViewViewController.m */,
				84D94B401C9035E900CCC3DD /* UIViewViewController.xib */,
			);
			path = UIViewDemo;
			sourceTree = "<group>";
		};
		84D94B431C9036DE00CCC3DD /* UIProgressView */ = {
			isa = PBXGroup;
			children = (
				84D94B441C9036F400CCC3DD /* ProgressViewController.h */,
				84D94B451C9036F400CCC3DD /* ProgressViewController.m */,
				84D94B461C9036F400CCC3DD /* ProgressViewController.xib */,
			);
			path = UIProgressView;
			sourceTree = "<group>";
		};
		84E21D3D1CD1A564003D684B /* UIWebViewDemo */ = {
			isa = PBXGroup;
			children = (
				84E21D3E1CD1A592003D684B /* WebViewController.h */,
				84E21D3F1CD1A592003D684B /* WebViewController.m */,
			);
			path = UIWebViewDemo;
			sourceTree = "<group>";
		};
		84EB06AB1C756F35001E0DF4 /* youmeng */ = {
			isa = PBXGroup;
			children = (
				8460535C1C7D7C8600308B49 /* MyTabBarController.h */,
				8460535D1C7D7C8600308B49 /* MyTabBarController.m */,
				8460535F1C7D7E7900308B49 /* ShareViewController.h */,
				846053601C7D7E7900308B49 /* ShareViewController.m */,
				846053611C7D7E7900308B49 /* ShareViewController.xib */,
				846053641C7D7E9A00308B49 /* LoginViewController.h */,
				846053651C7D7E9A00308B49 /* LoginViewController.m */,
				846053661C7D7E9A00308B49 /* LoginViewController.xib */,
			);
			path = youmeng;
			sourceTree = "<group>";
		};
/* End PBXGroup section */

/* Begin PBXNativeTarget section */
		8479CAD21C7046FC00BD1C6F /* HelloWord */ = {
			isa = PBXNativeTarget;
			buildConfigurationList = 8479CB001C7046FC00BD1C6F /* Build configuration list for PBXNativeTarget "HelloWord" */;
			buildPhases = (
				46871680CB3022123BC9B102 /* Check Pods Manifest.lock */,
				8479CACF1C7046FC00BD1C6F /* Sources */,
				8479CAD01C7046FC00BD1C6F /* Frameworks */,
				8479CAD11C7046FC00BD1C6F /* Resources */,
				2586FC1E3B57419EAB3766F6 /* Embed Pods Frameworks */,
				9E5DF0E4AEAD736DED290FF1 /* Copy Pods Resources */,
			);
			buildRules = (
			);
			dependencies = (
			);
			name = HelloWord;
			productName = HelloWord;
			productReference = 8479CAD31C7046FC00BD1C6F /* HelloWord.app */;
			productType = "com.apple.product-type.application";
		};
		8479CAEB1C7046FC00BD1C6F /* HelloWordTests */ = {
			isa = PBXNativeTarget;
			buildConfigurationList = 8479CB031C7046FC00BD1C6F /* Build configuration list for PBXNativeTarget "HelloWordTests" */;
			buildPhases = (
				8479CAE81C7046FC00BD1C6F /* Sources */,
				8479CAE91C7046FC00BD1C6F /* Frameworks */,
				8479CAEA1C7046FC00BD1C6F /* Resources */,
			);
			buildRules = (
			);
			dependencies = (
				8479CAEE1C7046FC00BD1C6F /* PBXTargetDependency */,
			);
			name = HelloWordTests;
			productName = HelloWordTests;
			productReference = 8479CAEC1C7046FC00BD1C6F /* HelloWordTests.xctest */;
			productType = "com.apple.product-type.bundle.unit-test";
		};
		8479CAF61C7046FC00BD1C6F /* HelloWordUITests */ = {
			isa = PBXNativeTarget;
			buildConfigurationList = 8479CB061C7046FC00BD1C6F /* Build configuration list for PBXNativeTarget "HelloWordUITests" */;
			buildPhases = (
				8479CAF31C7046FC00BD1C6F /* Sources */,
				8479CAF41C7046FC00BD1C6F /* Frameworks */,
				8479CAF51C7046FC00BD1C6F /* Resources */,
			);
			buildRules = (
			);
			dependencies = (
				8479CAF91C7046FC00BD1C6F /* PBXTargetDependency */,
			);
			name = HelloWordUITests;
			productName = HelloWordUITests;
			productReference = 8479CAF71C7046FC00BD1C6F /* HelloWordUITests.xctest */;
			productType = "com.apple.product-type.bundle.ui-testing";
		};
/* End PBXNativeTarget section */

/* Begin PBXProject section */
		8479CACB1C7046FC00BD1C6F /* Project object */ = {
			isa = PBXProject;
			attributes = {
				LastUpgradeCheck = 0720;
				ORGANIZATIONNAME = zhangwenqiang;
				TargetAttributes = {
					8479CAD21C7046FC00BD1C6F = {
						CreatedOnToolsVersion = 7.2.1;
						DevelopmentTeam = 37J5KGC3DN;
					};
					8479CAEB1C7046FC00BD1C6F = {
						CreatedOnToolsVersion = 7.2.1;
						TestTargetID = 8479CAD21C7046FC00BD1C6F;
					};
					8479CAF61C7046FC00BD1C6F = {
						CreatedOnToolsVersion = 7.2.1;
						TestTargetID = 8479CAD21C7046FC00BD1C6F;
					};
				};
			};
			buildConfigurationList = 8479CACE1C7046FC00BD1C6F /* Build configuration list for PBXProject "HelloWord" */;
			compatibilityVersion = "Xcode 3.2";
			developmentRegion = English;
			hasScannedForEncodings = 0;
			knownRegions = (
				en,
				Base,
				"zh-Hans",
			);
			mainGroup = 8479CACA1C7046FC00BD1C6F;
			productRefGroup = 8479CAD41C7046FC00BD1C6F /* Products */;
			projectDirPath = "";
			projectRoot = "";
			targets = (
				8479CAD21C7046FC00BD1C6F /* HelloWord */,
				8479CAEB1C7046FC00BD1C6F /* HelloWordTests */,
				8479CAF61C7046FC00BD1C6F /* HelloWordUITests */,
			);
		};
/* End PBXProject section */

/* Begin PBXResourcesBuildPhase section */
		8479CAD11C7046FC00BD1C6F /* Resources */ = {
			isa = PBXResourcesBuildPhase;
			buildActionMask = 2147483647;
			files = (
				84B652B51CE35E3A00A33194 /* 农红秀场@2x.png in Resources */,
				84B652B61CE35E3A00A33194 /* 农红秀场@3x.png in Resources */,
				8460535B1C7D593800308B49 /* usersList.plist in Resources */,
				8479CAE61C7046FC00BD1C6F /* LaunchScreen.storyboard in Resources */,
				849196781C8001E60038BA6E /* normal.jpg in Resources */,
				84E904C61C882E3F00B42926 /* new_share_tabbar_normal.png in Resources */,
				84B652B31CE35E3A00A33194 /* 关注框@2x.png in Resources */,
				8479CAE31C7046FC00BD1C6F /* Assets.xcassets in Resources */,
				84D94B371C9028E600CCC3DD /* UISwitchViewController.xib in Resources */,
				84D94B481C9036F400CCC3DD /* ProgressViewController.xib in Resources */,
				846053701C7D8FE100308B49 /* UMS_account@2x.png in Resources */,
				84E904C41C882E3F00B42926 /* love_video_night.png in Resources */,
				846053681C7D7E9A00308B49 /* LoginViewController.xib in Resources */,
				84E904C01C881E3300B42926 /* UMS_shared@2x.png in Resources */,
				84A7C6CC1CE1C6820056BE57 /* 农红底部-按下状态@2x.png in Resources */,
				84B652B41CE35E3A00A33194 /* 关注框@3x.png in Resources */,
				846053631C7D7E7900308B49 /* ShareViewController.xib in Resources */,
				84A7C6CD1CE1C6820056BE57 /* 农红底部-按下状态@3x.png in Resources */,
				8449EAD61C71D4F800396D34 /* My.storyboard in Resources */,
				8479CAE11C7046FC00BD1C6F /* Main.storyboard in Resources */,
				849196741C7FF3D60038BA6E /* NightController.xib in Resources */,
				84D94B421C9035E900CCC3DD /* UIViewViewController.xib in Resources */,
				849196771C8001E60038BA6E /* night.jpg in Resources */,
				84A7C6AB1CE062370056BE57 /* ImageCell.xib in Resources */,
				84A7C6D01CE1C6910056BE57 /* 更多@2x.png in Resources */,
				84A7C6C91CE1C43E0056BE57 /* 关注@3x.png in Resources */,
				84E904C51C882E3F00B42926 /* new_review_tabbar.png in Resources */,
				84A588681C8997E300E58CF0 /* yese.mp3 in Resources */,
				846053711C7D8FE100308B49 /* UMS_share@2x.png in Resources */,
				84A7C6D11CE1C6910056BE57 /* 更多@3x.png in Resources */,
				84A7C6C81CE1C43E0056BE57 /* 关注@2x.png in Resources */,
				84D94B301C8FEBEC00CCC3DD /* UIText.xib in Resources */,
			);
			runOnlyForDeploymentPostprocessing = 0;
		};
		8479CAEA1C7046FC00BD1C6F /* Resources */ = {
			isa = PBXResourcesBuildPhase;
			buildActionMask = 2147483647;
			files = (
			);
			runOnlyForDeploymentPostprocessing = 0;
		};
		8479CAF51C7046FC00BD1C6F /* Resources */ = {
			isa = PBXResourcesBuildPhase;
			buildActionMask = 2147483647;
			files = (
			);
			runOnlyForDeploymentPostprocessing = 0;
		};
/* End PBXResourcesBuildPhase section */

/* Begin PBXShellScriptBuildPhase section */
		2586FC1E3B57419EAB3766F6 /* Embed Pods Frameworks */ = {
			isa = PBXShellScriptBuildPhase;
			buildActionMask = 2147483647;
			files = (
			);
			inputPaths = (
			);
			name = "Embed Pods Frameworks";
			outputPaths = (
			);
			runOnlyForDeploymentPostprocessing = 0;
			shellPath = /bin/sh;
			shellScript = "\"${SRCROOT}/Pods/Target Support Files/Pods/Pods-frameworks.sh\"\n";
			showEnvVarsInLog = 0;
		};
		46871680CB3022123BC9B102 /* Check Pods Manifest.lock */ = {
			isa = PBXShellScriptBuildPhase;
			buildActionMask = 2147483647;
			files = (
			);
			inputPaths = (
			);
			name = "Check Pods Manifest.lock";
			outputPaths = (
			);
			runOnlyForDeploymentPostprocessing = 0;
			shellPath = /bin/sh;
			shellScript = "diff \"${PODS_ROOT}/../Podfile.lock\" \"${PODS_ROOT}/Manifest.lock\" > /dev/null\nif [[ $? != 0 ]] ; then\n    cat << EOM\nerror: The sandbox is not in sync with the Podfile.lock. Run 'pod install' or update your CocoaPods installation.\nEOM\n    exit 1\nfi\n";
			showEnvVarsInLog = 0;
		};
		9E5DF0E4AEAD736DED290FF1 /* Copy Pods Resources */ = {
			isa = PBXShellScriptBuildPhase;
			buildActionMask = 2147483647;
			files = (
			);
			inputPaths = (
			);
			name = "Copy Pods Resources";
			outputPaths = (
			);
			runOnlyForDeploymentPostprocessing = 0;
			shellPath = /bin/sh;
			shellScript = "\"${SRCROOT}/Pods/Target Support Files/Pods/Pods-resources.sh\"\n";
			showEnvVarsInLog = 0;
		};
/* End PBXShellScriptBuildPhase section */

/* Begin PBXSourcesBuildPhase section */
		8479CACF1C7046FC00BD1C6F /* Sources */ = {
			isa = PBXSourcesBuildPhase;
			buildActionMask = 2147483647;
			files = (
				8486D19F1C74790D00AB319A /* NineController.m in Sources */,
				84D94B361C9028E600CCC3DD /* UISwitchViewController.m in Sources */,
				842E7C711C72C86100661515 /* CalcController.m in Sources */,
				8429D0361CD204D300055A46 /* UIColor+extension.m in Sources */,
				849196731C7FF3D60038BA6E /* NightController.m in Sources */,
				846053621C7D7E7900308B49 /* ShareViewController.m in Sources */,
				84C7480C1C8E71E3004B49CA /* UISTableViewController.m in Sources */,
				8479CADE1C7046FC00BD1C6F /* ViewController.m in Sources */,
				84D94B471C9036F400CCC3DD /* ProgressViewController.m in Sources */,
				84A7C6BE1CE16F110056BE57 /* NHAttentionItemView.m in Sources */,
				84A7C6C11CE1A32A0056BE57 /* NHAttentionModel.m in Sources */,
				843707161CE459E700D6AD85 /* NHAttentionViewCell.m in Sources */,
				8479CADB1C7046FC00BD1C6F /* AppDelegate.m in Sources */,
				84CCF25C1C844D7000B2DDB0 /* TouTiaoDetailsController.m in Sources */,
				84E904C91C883CE400B42926 /* DetialTabView.m in Sources */,
				84A7C6AF1CE09C120056BE57 /* CollectionViewController.m in Sources */,
				843707131CE4450F00D6AD85 /* RecommendNHView.m in Sources */,
				84A7C6C51CE1C1AD0056BE57 /* MYViewController.m in Sources */,
				840F784F1C8A7A1C0015E97D /* CGRectViewController.m in Sources */,
				84A7C6A91CE0621B0056BE57 /* ImageCell.m in Sources */,
				84A7C6A01CE05C730056BE57 /* LineLayout.m in Sources */,
				8460535E1C7D7C8600308B49 /* MyTabBarController.m in Sources */,
				84D94B411C9035E900CCC3DD /* UIViewViewController.m in Sources */,
				848BD85C1C858FB3008D3641 /* BottomView.m in Sources */,
				84D0061C1CA2808B005195DD /* UIAcSheetView.m in Sources */,
				84CF673B1CE0182900A0DCBA /* GallerViewController.m in Sources */,
				84A7C69D1CE054E20056BE57 /* GalleryViewController.m in Sources */,
				84E904D11C885D8C00B42926 /* DetialEntity.m in Sources */,
				84D94B1C1C8FC61700CCC3DD /* ButtonController.m in Sources */,
				846053671C7D7E9A00308B49 /* LoginViewController.m in Sources */,
				8429D02D1CD201BF00055A46 /* BaseViewController.m in Sources */,
				84E21D401CD1A592003D684B /* WebViewController.m in Sources */,
				84E904D41C886A1900B42926 /* DetialShowCountView.m in Sources */,
				84A588651C89634600E58CF0 /* Mp3ViewController.m in Sources */,
				8479CAD81C7046FC00BD1C6F /* main.m in Sources */,
				84A7C6B21CE0A2890056BE57 /* NHSquareCell.m in Sources */,
				84A7C6BB1CE16ECD0056BE57 /* NHAttentionView.m in Sources */,
				84A5885F1C89528700E58CF0 /* DetialTableViewCell.m in Sources */,
				8429D0321CD2049400055A46 /* UIView+position.m in Sources */,
				84D94B2F1C8FEBEC00CCC3DD /* UIText.m in Sources */,
				848F80BB1C87194500418C69 /* SocialGroupView.m in Sources */,
			);
			runOnlyForDeploymentPostprocessing = 0;
		};
		8479CAE81C7046FC00BD1C6F /* Sources */ = {
			isa = PBXSourcesBuildPhase;
			buildActionMask = 2147483647;
			files = (
				8479CAF11C7046FC00BD1C6F /* HelloWordTests.m in Sources */,
			);
			runOnlyForDeploymentPostprocessing = 0;
		};
		8479CAF31C7046FC00BD1C6F /* Sources */ = {
			isa = PBXSourcesBuildPhase;
			buildActionMask = 2147483647;
			files = (
				8479CAFC1C7046FC00BD1C6F /* HelloWordUITests.m in Sources */,
			);
			runOnlyForDeploymentPostprocessing = 0;
		};
/* End PBXSourcesBuildPhase section */

/* Begin PBXTargetDependency section */
		8479CAEE1C7046FC00BD1C6F /* PBXTargetDependency */ = {
			isa = PBXTargetDependency;
			target = 8479CAD21C7046FC00BD1C6F /* HelloWord */;
			targetProxy = 8479CAED1C7046FC00BD1C6F /* PBXContainerItemProxy */;
		};
		8479CAF91C7046FC00BD1C6F /* PBXTargetDependency */ = {
			isa = PBXTargetDependency;
			target = 8479CAD21C7046FC00BD1C6F /* HelloWord */;
			targetProxy = 8479CAF81C7046FC00BD1C6F /* PBXContainerItemProxy */;
		};
/* End PBXTargetDependency section */

/* Begin PBXVariantGroup section */
		8479CADF1C7046FC00BD1C6F /* Main.storyboard */ = {
			isa = PBXVariantGroup;
			children = (
				8479CAE01C7046FC00BD1C6F /* Base */,
			);
			name = Main.storyboard;
			sourceTree = "<group>";
		};
		8479CAE41C7046FC00BD1C6F /* LaunchScreen.storyboard */ = {
			isa = PBXVariantGroup;
			children = (
				8479CAE51C7046FC00BD1C6F /* Base */,
			);
			name = LaunchScreen.storyboard;
			sourceTree = "<group>";
		};
/* End PBXVariantGroup section */

/* Begin XCBuildConfiguration section */
		8479CAFE1C7046FC00BD1C6F /* Debug */ = {
			isa = XCBuildConfiguration;
			buildSettings = {
				ALWAYS_SEARCH_USER_PATHS = NO;
				CLANG_CXX_LANGUAGE_STANDARD = "gnu++0x";
				CLANG_CXX_LIBRARY = "libc++";
				CLANG_ENABLE_MODULES = YES;
				CLANG_ENABLE_OBJC_ARC = YES;
				CLANG_WARN_BOOL_CONVERSION = YES;
				CLANG_WARN_CONSTANT_CONVERSION = YES;
				CLANG_WARN_DIRECT_OBJC_ISA_USAGE = YES_ERROR;
				CLANG_WARN_EMPTY_BODY = YES;
				CLANG_WARN_ENUM_CONVERSION = YES;
				CLANG_WARN_INT_CONVERSION = YES;
				CLANG_WARN_OBJC_ROOT_CLASS = YES_ERROR;
				CLANG_WARN_UNREACHABLE_CODE = YES;
				CLANG_WARN__DUPLICATE_METHOD_MATCH = YES;
				"CODE_SIGN_IDENTITY[sdk=iphoneos*]" = "iPhone Developer";
				COPY_PHASE_STRIP = NO;
				DEBUG_INFORMATION_FORMAT = dwarf;
				ENABLE_STRICT_OBJC_MSGSEND = YES;
				ENABLE_TESTABILITY = YES;
				GCC_C_LANGUAGE_STANDARD = gnu99;
				GCC_DYNAMIC_NO_PIC = NO;
				GCC_NO_COMMON_BLOCKS = YES;
				GCC_OPTIMIZATION_LEVEL = 0;
				GCC_PREPROCESSOR_DEFINITIONS = (
					"DEBUG=1",
					"$(inherited)",
				);
				GCC_WARN_64_TO_32_BIT_CONVERSION = YES;
				GCC_WARN_ABOUT_RETURN_TYPE = YES_ERROR;
				GCC_WARN_UNDECLARED_SELECTOR = YES;
				GCC_WARN_UNINITIALIZED_AUTOS = YES_AGGRESSIVE;
				GCC_WARN_UNUSED_FUNCTION = YES;
				GCC_WARN_UNUSED_VARIABLE = YES;
				IPHONEOS_DEPLOYMENT_TARGET = 9.2;
				MTL_ENABLE_DEBUG_INFO = YES;
				ONLY_ACTIVE_ARCH = YES;
				SDKROOT = iphoneos;
			};
			name = Debug;
		};
		8479CAFF1C7046FC00BD1C6F /* Release */ = {
			isa = XCBuildConfiguration;
			buildSettings = {
				ALWAYS_SEARCH_USER_PATHS = NO;
				CLANG_CXX_LANGUAGE_STANDARD = "gnu++0x";
				CLANG_CXX_LIBRARY = "libc++";
				CLANG_ENABLE_MODULES = YES;
				CLANG_ENABLE_OBJC_ARC = YES;
				CLANG_WARN_BOOL_CONVERSION = YES;
				CLANG_WARN_CONSTANT_CONVERSION = YES;
				CLANG_WARN_DIRECT_OBJC_ISA_USAGE = YES_ERROR;
				CLANG_WARN_EMPTY_BODY = YES;
				CLANG_WARN_ENUM_CONVERSION = YES;
				CLANG_WARN_INT_CONVERSION = YES;
				CLANG_WARN_OBJC_ROOT_CLASS = YES_ERROR;
				CLANG_WARN_UNREACHABLE_CODE = YES;
				CLANG_WARN__DUPLICATE_METHOD_MATCH = YES;
				"CODE_SIGN_IDENTITY[sdk=iphoneos*]" = "iPhone Developer";
				COPY_PHASE_STRIP = NO;
				DEBUG_INFORMATION_FORMAT = "dwarf-with-dsym";
				ENABLE_NS_ASSERTIONS = NO;
				ENABLE_STRICT_OBJC_MSGSEND = YES;
				GCC_C_LANGUAGE_STANDARD = gnu99;
				GCC_NO_COMMON_BLOCKS = YES;
				GCC_WARN_64_TO_32_BIT_CONVERSION = YES;
				GCC_WARN_ABOUT_RETURN_TYPE = YES_ERROR;
				GCC_WARN_UNDECLARED_SELECTOR = YES;
				GCC_WARN_UNINITIALIZED_AUTOS = YES_AGGRESSIVE;
				GCC_WARN_UNUSED_FUNCTION = YES;
				GCC_WARN_UNUSED_VARIABLE = YES;
				IPHONEOS_DEPLOYMENT_TARGET = 9.2;
				MTL_ENABLE_DEBUG_INFO = NO;
				SDKROOT = iphoneos;
				VALIDATE_PRODUCT = YES;
			};
			name = Release;
		};
		8479CB011C7046FC00BD1C6F /* Debug */ = {
			isa = XCBuildConfiguration;
			baseConfigurationReference = 4CA64CF9B757B45B95AFB3F6 /* Pods.debug.xcconfig */;
			buildSettings = {
				ASSETCATALOG_COMPILER_APPICON_NAME = AppIcon;
				ASSETCATALOG_COMPILER_LAUNCHIMAGE_NAME = "Brand Assets";
				CODE_SIGN_IDENTITY = "iPhone Developer";
				"CODE_SIGN_IDENTITY[sdk=iphoneos*]" = "iPhone Developer";
				ENABLE_BITCODE = NO;
				FRAMEWORK_SEARCH_PATHS = (
					"$(inherited)",
					"$(PROJECT_DIR)/UMSocial_Sdk_Extra_Frameworks/Facebook",
					"$(PROJECT_DIR)/UMSocial_Sdk_Extra_Frameworks/Renren",
					"$(PROJECT_DIR)/UMSocial_Sdk_Extra_Frameworks/TencentOpenAPI",
					"$(PROJECT_DIR)/UMSocial_Sdk_Extra_Frameworks/Twitter",
				);
				INFOPLIST_FILE = HelloWord/Info.plist;
				IPHONEOS_DEPLOYMENT_TARGET = 8.3;
				LD_RUNPATH_SEARCH_PATHS = "$(inherited) @executable_path/Frameworks";
				LIBRARY_SEARCH_PATHS = (
					"$(inherited)",
					"$(PROJECT_DIR)/UMSocial_Sdk_5.0",
					"$(PROJECT_DIR)/UMSocial_Sdk_Extra_Frameworks/AlipayShare",
					"$(PROJECT_DIR)/UMSocial_Sdk_Extra_Frameworks/Facebook",
					"$(PROJECT_DIR)/UMSocial_Sdk_Extra_Frameworks/Instagram",
					"$(PROJECT_DIR)/UMSocial_Sdk_Extra_Frameworks/LaiWang",
					"$(PROJECT_DIR)/UMSocial_Sdk_Extra_Frameworks/Line",
					"$(PROJECT_DIR)/UMSocial_Sdk_Extra_Frameworks/Renren",
					"$(PROJECT_DIR)/UMSocial_Sdk_Extra_Frameworks/SinaSSO",
					"$(PROJECT_DIR)/UMSocial_Sdk_Extra_Frameworks/TencentOpenAPI",
					"$(PROJECT_DIR)/UMSocial_Sdk_Extra_Frameworks/Tumblr",
					"$(PROJECT_DIR)/UMSocial_Sdk_Extra_Frameworks/Twitter",
					"$(PROJECT_DIR)/UMSocial_Sdk_Extra_Frameworks/UMSocial_ScreenShot_Sdk",
					"$(PROJECT_DIR)/UMSocial_Sdk_Extra_Frameworks/UMSocial_Shake_Sdk",
					"$(PROJECT_DIR)/UMSocial_Sdk_Extra_Frameworks/Wechat",
					"$(PROJECT_DIR)/UMSocial_Sdk_Extra_Frameworks/Whatsapp",
					"$(PROJECT_DIR)/UMSocial_Sdk_Extra_Frameworks/YiXin",
				);
				PRODUCT_BUNDLE_IDENTIFIER = com.it224;
				PRODUCT_NAME = "$(TARGET_NAME)";
				PROVISIONING_PROFILE = "";
				USER_HEADER_SEARCH_PATHS = HelloWord/UmSocial_Sdk_5.0/Header;
			};
			name = Debug;
		};
		8479CB021C7046FC00BD1C6F /* Release */ = {
			isa = XCBuildConfiguration;
			baseConfigurationReference = 5F81A28979AA075F8D12ABEB /* Pods.release.xcconfig */;
			buildSettings = {
				ASSETCATALOG_COMPILER_APPICON_NAME = AppIcon;
				ASSETCATALOG_COMPILER_LAUNCHIMAGE_NAME = "Brand Assets";
				CODE_SIGN_IDENTITY = "iPhone Developer";
				"CODE_SIGN_IDENTITY[sdk=iphoneos*]" = "iPhone Developer";
				ENABLE_BITCODE = NO;
				FRAMEWORK_SEARCH_PATHS = (
					"$(inherited)",
					"$(PROJECT_DIR)/UMSocial_Sdk_Extra_Frameworks/Facebook",
					"$(PROJECT_DIR)/UMSocial_Sdk_Extra_Frameworks/Renren",
					"$(PROJECT_DIR)/UMSocial_Sdk_Extra_Frameworks/TencentOpenAPI",
					"$(PROJECT_DIR)/UMSocial_Sdk_Extra_Frameworks/Twitter",
				);
				INFOPLIST_FILE = HelloWord/Info.plist;
				IPHONEOS_DEPLOYMENT_TARGET = 8.3;
				LD_RUNPATH_SEARCH_PATHS = "$(inherited) @executable_path/Frameworks";
				LIBRARY_SEARCH_PATHS = (
					"$(inherited)",
					"$(PROJECT_DIR)/UMSocial_Sdk_5.0",
					"$(PROJECT_DIR)/UMSocial_Sdk_Extra_Frameworks/AlipayShare",
					"$(PROJECT_DIR)/UMSocial_Sdk_Extra_Frameworks/Facebook",
					"$(PROJECT_DIR)/UMSocial_Sdk_Extra_Frameworks/Instagram",
					"$(PROJECT_DIR)/UMSocial_Sdk_Extra_Frameworks/LaiWang",
					"$(PROJECT_DIR)/UMSocial_Sdk_Extra_Frameworks/Line",
					"$(PROJECT_DIR)/UMSocial_Sdk_Extra_Frameworks/Renren",
					"$(PROJECT_DIR)/UMSocial_Sdk_Extra_Frameworks/SinaSSO",
					"$(PROJECT_DIR)/UMSocial_Sdk_Extra_Frameworks/TencentOpenAPI",
					"$(PROJECT_DIR)/UMSocial_Sdk_Extra_Frameworks/Tumblr",
					"$(PROJECT_DIR)/UMSocial_Sdk_Extra_Frameworks/Twitter",
					"$(PROJECT_DIR)/UMSocial_Sdk_Extra_Frameworks/UMSocial_ScreenShot_Sdk",
					"$(PROJECT_DIR)/UMSocial_Sdk_Extra_Frameworks/UMSocial_Shake_Sdk",
					"$(PROJECT_DIR)/UMSocial_Sdk_Extra_Frameworks/Wechat",
					"$(PROJECT_DIR)/UMSocial_Sdk_Extra_Frameworks/Whatsapp",
					"$(PROJECT_DIR)/UMSocial_Sdk_Extra_Frameworks/YiXin",
				);
				PRODUCT_BUNDLE_IDENTIFIER = com.it224;
				PRODUCT_NAME = "$(TARGET_NAME)";
				PROVISIONING_PROFILE = "";
				USER_HEADER_SEARCH_PATHS = HelloWord/UmSocial_Sdk_5.0/Header;
			};
			name = Release;
		};
		8479CB041C7046FC00BD1C6F /* Debug */ = {
			isa = XCBuildConfiguration;
			buildSettings = {
				BUNDLE_LOADER = "$(TEST_HOST)";
				INFOPLIST_FILE = HelloWordTests/Info.plist;
				LD_RUNPATH_SEARCH_PATHS = "$(inherited) @executable_path/Frameworks @loader_path/Frameworks";
				PRODUCT_BUNDLE_IDENTIFIER = com.quest.HelloWordTests;
				PRODUCT_NAME = "$(TARGET_NAME)";
				TEST_HOST = "$(BUILT_PRODUCTS_DIR)/HelloWord.app/HelloWord";
			};
			name = Debug;
		};
		8479CB051C7046FC00BD1C6F /* Release */ = {
			isa = XCBuildConfiguration;
			buildSettings = {
				BUNDLE_LOADER = "$(TEST_HOST)";
				INFOPLIST_FILE = HelloWordTests/Info.plist;
				LD_RUNPATH_SEARCH_PATHS = "$(inherited) @executable_path/Frameworks @loader_path/Frameworks";
				PRODUCT_BUNDLE_IDENTIFIER = com.quest.HelloWordTests;
				PRODUCT_NAME = "$(TARGET_NAME)";
				TEST_HOST = "$(BUILT_PRODUCTS_DIR)/HelloWord.app/HelloWord";
			};
			name = Release;
		};
		8479CB071C7046FC00BD1C6F /* Debug */ = {
			isa = XCBuildConfiguration;
			buildSettings = {
				INFOPLIST_FILE = HelloWordUITests/Info.plist;
				LD_RUNPATH_SEARCH_PATHS = "$(inherited) @executable_path/Frameworks @loader_path/Frameworks";
				PRODUCT_BUNDLE_IDENTIFIER = com.quest.HelloWordUITests;
				PRODUCT_NAME = "$(TARGET_NAME)";
				TEST_TARGET_NAME = HelloWord;
				USES_XCTRUNNER = YES;
			};
			name = Debug;
		};
		8479CB081C7046FC00BD1C6F /* Release */ = {
			isa = XCBuildConfiguration;
			buildSettings = {
				INFOPLIST_FILE = HelloWordUITests/Info.plist;
				LD_RUNPATH_SEARCH_PATHS = "$(inherited) @executable_path/Frameworks @loader_path/Frameworks";
				PRODUCT_BUNDLE_IDENTIFIER = com.quest.HelloWordUITests;
				PRODUCT_NAME = "$(TARGET_NAME)";
				TEST_TARGET_NAME = HelloWord;
				USES_XCTRUNNER = YES;
			};
			name = Release;
		};
/* End XCBuildConfiguration section */

/* Begin XCConfigurationList section */
		8479CACE1C7046FC00BD1C6F /* Build configuration list for PBXProject "HelloWord" */ = {
			isa = XCConfigurationList;
			buildConfigurations = (
				8479CAFE1C7046FC00BD1C6F /* Debug */,
				8479CAFF1C7046FC00BD1C6F /* Release */,
			);
			defaultConfigurationIsVisible = 0;
			defaultConfigurationName = Release;
		};
		8479CB001C7046FC00BD1C6F /* Build configuration list for PBXNativeTarget "HelloWord" */ = {
			isa = XCConfigurationList;
			buildConfigurations = (
				8479CB011C7046FC00BD1C6F /* Debug */,
				8479CB021C7046FC00BD1C6F /* Release */,
			);
			defaultConfigurationIsVisible = 0;
			defaultConfigurationName = Release;
		};
		8479CB031C7046FC00BD1C6F /* Build configuration list for PBXNativeTarget "HelloWordTests" */ = {
			isa = XCConfigurationList;
			buildConfigurations = (
				8479CB041C7046FC00BD1C6F /* Debug */,
				8479CB051C7046FC00BD1C6F /* Release */,
			);
			defaultConfigurationIsVisible = 0;
			defaultConfigurationName = Release;
		};
		8479CB061C7046FC00BD1C6F /* Build configuration list for PBXNativeTarget "HelloWordUITests" */ = {
			isa = XCConfigurationList;
			buildConfigurations = (
				8479CB071C7046FC00BD1C6F /* Debug */,
				8479CB081C7046FC00BD1C6F /* Release */,
			);
			defaultConfigurationIsVisible = 0;
			defaultConfigurationName = Release;
		};
/* End XCConfigurationList section */
	};
	rootObject = 8479CACB1C7046FC00BD1C6F /* Project object */;
}
